<?xml version="1.0" encoding="utf-8"?>
<Project ToolsVersion="4.0" xmlns="http://schemas.microsoft.com/developer/msbuild/2003">
  <ItemGroup>
    <Filter Include="Source Files">
      <UniqueIdentifier>{a54f08cb-2d3c-4d3e-9052-ea9ea3f51cc3}</UniqueIdentifier>
      <Extensions>cpp;c;cxx;rc;def;r;odl;idl;hpj;bat</Extensions>
    </Filter>
    <Filter Include="Header Files">
      <UniqueIdentifier>{848c9c8e-e2d7-41fa-8b4d-0d43ad48efd2}</UniqueIdentifier>
      <Extensions>h;hpp;hxx;hm;inl</Extensions>
    </Filter>
    <Filter Include="Resource Files">
      <UniqueIdentifier>{2c6bfc42-2d90-4846-8c8e-ec5c54f95eba}</UniqueIdentifier>
      <Extensions>ico;cur;bmp;dlg;rc2;rct;bin;rgs;gif;jpg;jpeg;jpe</Extensions>
    </Filter>
  </ItemGroup>
  <ItemGroup>
    <ClCompile Include="CCurve.cpp">
      <Filter>Source Files</Filter>
    </ClCompile>
    <ClCompile Include="CDLine.cpp">
      <Filter>Source Files</Filter>
    </ClCompile>
    <ClCompile Include="CEllipse.cpp">
      <Filter>Source Files</Filter>
    </ClCompile>
    <ClCompile Include="CEllipseArc.cpp">
      <Filter>Source Files</Filter>
    </ClCompile>
    <ClCompile Include="ChildFrm.cpp">
      <Filter>Source Files</Filter>
    </ClCompile>
    <ClCompile Include="CLiEllipse.cpp">
      <Filter>Source Files</Filter>
    </ClCompile>
    <ClCompile Include="CPolyBezier.cpp">
      <Filter>Source Files</Filter>
    </ClCompile>
    <ClCompile Include="CPolygon.cpp">
      <Filter>Source Files</Filter>
    </ClCompile>
    <ClCompile Include="CRectangle.cpp">
      <Filter>Source Files</Filter>
    </ClCompile>
    <ClCompile Include="CRound.cpp">
      <Filter>Source Files</Filter>
    </ClCompile>
    <ClCompile Include="CRoundArc.cpp">
      <Filter>Source Files</Filter>
    </ClCompile>
    <ClCompile Include="CRoundRectangle.cpp">
      <Filter>Source Files</Filter>
    </ClCompile>
    <ClCompile Include="CText.cpp">
      <Filter>Source Files</Filter>
    </ClCompile>
    <ClCompile Include="CUnit.cpp">
      <Filter>Source Files</Filter>
    </ClCompile>
    <ClCompile Include="DLineDlg1.cpp">
      <Filter>Source Files</Filter>
    </ClCompile>
    <ClCompile Include="DLineDlg2.cpp">
      <Filter>Source Files</Filter>
    </ClCompile>
    <ClCompile Include="DLineProperty.cpp">
      <Filter>Source Files</Filter>
    </ClCompile>
    <ClCompile Include="EastDraw.cpp">
      <Filter>Source Files</Filter>
    </ClCompile>
    <ClCompile Include="EastDrawDoc.cpp">
      <Filter>Source Files</Filter>
    </ClCompile>
    <ClCompile Include="EastDrawView.cpp">
      <Filter>Source Files</Filter>
    </ClCompile>
    <ClCompile Include="EditBox.cpp">
      <Filter>Source Files</Filter>
    </ClCompile>
    <ClCompile Include="MainFrm.cpp">
      <Filter>Source Files</Filter>
    </ClCompile>
    <ClCompile Include="Mode.cpp">
      <Filter>Source Files</Filter>
    </ClCompile>
    <ClCompile Include="ReginSet.cpp">
      <Filter>Source Files</Filter>
    </ClCompile>
    <ClCompile Include="Splash.cpp">
      <Filter>Source Files</Filter>
    </ClCompile>
    <ClCompile Include="StdAfx.cpp">
      <Filter>Source Files</Filter>
    </ClCompile>
    <ClCompile Include="StyleBar.cpp">
      <Filter>Source Files</Filter>
    </ClCompile>
    <ClCompile Include="TextEdit.cpp">
      <Filter>Source Files</Filter>
    </ClCompile>
  </ItemGroup>
  <ItemGroup>
    <ResourceCompile Include="EastDraw.rc">
      <Filter>Source Files</Filter>
    </ResourceCompile>
  </ItemGroup>
  <ItemGroup>
    <ClInclude Include="CCurve.h">
      <Filter>Header Files</Filter>
    </ClInclude>
    <ClInclude Include="CDLine.h">
      <Filter>Header Files</Filter>
    </ClInclude>
    <ClInclude Include="CEllipse.h">
      <Filter>Header Files</Filter>
    </ClInclude>
    <ClInclude Include="CEllipseArc.h">
      <Filter>Header Files</Filter>
    </ClInclude>
    <ClInclude Include="ChildFrm.h">
      <Filter>Header Files</Filter>
    </ClInclude>
    <ClInclude Include="CLiEllipse.h">
      <Filter>Header Files</Filter>
    </ClInclude>
    <ClInclude Include="CPolyBezier.h">
      <Filter>Header Files</Filter>
    </ClInclude>
    <ClInclude Include="CPolygon.h">
      <Filter>Header Files</Filter>
    </ClInclude>
    <ClInclude Include="CRectangle.h">
      <Filter>Header Files</Filter>
    </ClInclude>
    <ClInclude Include="CRound.h">
      <Filter>Header Files</Filter>
    </ClInclude>
    <ClInclude Include="CRoundArc.h">
      <Filter>Header Files</Filter>
    </ClInclude>
    <ClInclude Include="CRoundRectangle.h">
      <Filter>Header Files</Filter>
    </ClInclude>
    <ClInclude Include="CText.h">
      <Filter>Header Files</Filter>
    </ClInclude>
    <ClInclude Include="CUnit.h">
      <Filter>Header Files</Filter>
    </ClInclude>
    <ClInclude Include="DLineDlg1.h">
      <Filter>Header Files</Filter>
    </ClInclude>
    <ClInclude Include="DLineDlg2.h">
      <Filter>Header Files</Filter>
    </ClInclude>
    <ClInclude Include="DLineProperty.h">
      <Filter>Header Files</Filter>
    </ClInclude>
    <ClInclude Include="EastDraw.h">
      <Filter>Header Files</Filter>
    </ClInclude>
    <ClInclude Include="EastDrawDoc.h">
      <Filter>Header Files</Filter>
    </ClInclude>
    <ClInclude Include="EastDrawView.h">
      <Filter>Header Files</Filter>
    </ClInclude>
    <ClInclude Include="EditBox.h">
      <Filter>Header Files</Filter>
    </ClInclude>
    <ClInclude Include="MainFrm.h">
      <Filter>Header Files</Filter>
    </ClInclude>
    <ClInclude Include="Mode.h">
      <Filter>Header Files</Filter>
    </ClInclude>
    <ClInclude Include="ReginSet.h">
      <Filter>Header Files</Filter>
    </ClInclude>
    <ClInclude Include="Resource.h">
      <Filter>Header Files</Filter>
    </ClInclude>
    <ClInclude Include="Splash.h">
      <Filter>Header Files</Filter>
    </ClInclude>
    <ClInclude Include="StdAfx.h">
      <Filter>Header Files</Filter>
    </ClInclude>
    <ClInclude Include="StyleBar.h">
      <Filter>Header Files</Filter>
    </ClInclude>
    <ClInclude Include="TextEdit.h">
      <Filter>Header Files</Filter>
    </ClInclude>
  </ItemGroup>
  <ItemGroup>
    <Image Include="res\219.BMP">
      <Filter>Resource Files</Filter>
    </Image>
    <Image Include="res\bitmap1.bmp">
      <Filter>Resource Files</Filter>
    </Image>
    <Image Include="res\bitmap10.bmp">
      <Filter>Resource Files</Filter>
    </Image>
    <Image Include="res\bitmap2.bmp">
      <Filter>Resource Files</Filter>
    </Image>
    <Image Include="res\bitmap3.bmp">
      <Filter>Resource Files</Filter>
    </Image>
    <Image Include="res\bitmap4.bmp">
      <Filter>Resource Files</Filter>
    </Image>
    <Image Include="res\bitmap5.bmp">
      <Filter>Resource Files</Filter>
    </Image>
    <Image Include="res\bitmap6.bmp">
      <Filter>Resource Files</Filter>
    </Image>
    <Image Include="res\bitmap7.bmp">
      <Filter>Resource Files</Filter>
    </Image>
    <Image Include="res\bitmap8.bmp">
      <Filter>Resource Files</Filter>
    </Image>
    <Image Include="res\bitmap9.bmp">
      <Filter>Resource Files</Filter>
    </Image>
    <Image Include="res\bitmap_d.bmp">
      <Filter>Resource Files</Filter>
    </Image>
    <Image Include="res\bitmap_p.bmp">
      <Filter>Resource Files</Filter>
    </Image>
    <Image Include="res\bmp00001.bmp">
      <Filter>Resource Files</Filter>
    </Image>
    <Image Include="res\bmp00002.bmp">
      <Filter>Resource Files</Filter>
    </Image>
    <Image Include="res\bmp00003.bmp">
      <Filter>Resource Files</Filter>
    </Image>
    <Image Include="res\bmp00004.bmp">
      <Filter>Resource Files</Filter>
    </Image>
    <Image Include="res\bmp00005.bmp">
      <Filter>Resource Files</Filter>
    </Image>
    <Image Include="res\bmp00006.bmp">
      <Filter>Resource Files</Filter>
    </Image>
    <Image Include="res\bmp00007.bmp">
      <Filter>Resource Files</Filter>
    </Image>
    <Image Include="res\bmp00008.bmp">
      <Filter>Resource Files</Filter>
    </Image>
    <Image Include="res\bmp00009.bmp">
      <Filter>Resource Files</Filter>
    </Image>
    <Image Include="res\bmp00010.bmp">
      <Filter>Resource Files</Filter>
    </Image>
    <Image Include="res\EastDraw.ico">
      <Filter>Resource Files</Filter>
    </Image>
    <Image Include="res\EastDrawDoc.ico">
      <Filter>Resource Files</Filter>
    </Image>
    <Image Include="Splsh16.bmp">
      <Filter>Resource Files</Filter>
    </Image>
    <Image Include="res\Start.bmp">
      <Filter>Resource Files</Filter>
    </Image>
    <Image Include="res\style_ba.bmp">
      <Filter>Resource Files</Filter>
    </Image>
    <Image Include="res\Toolbar.bmp">
      <Filter>Resource Files</Filter>
    </Image>
    <Image Include="res\toolbar1.bmp">
      <Filter>Resource Files</Filter>
    </Image>
    <Image Include="res\W0176.BMP">
      <Filter>Resource Files</Filter>
    </Image>
  </ItemGroup>
  <ItemGroup>
    <Text Include="ReadMe.txt" />
  </ItemGroup>
  <ItemGroup>
    <CustomBuild Include="res\cursor1.cur">
      <Filter>Resource Files</Filter>
    </CustomBuild>
    <CustomBuild Include="res\cursor_m.cur">
      <Filter>Resource Files</Filter>
    </CustomBuild>
    <CustomBuild Include="res\EastDraw.rc2">
      <Filter>Resource Files</Filter>
    </CustomBuild>
    <CustomBuild Include="res\id_chang.cur">
      <Filter>Resource Files</Filter>
    </CustomBuild>
    <CustomBuild Include="res\id_draw.cur">
      <Filter>Resource Files</Filter>
    </CustomBuild>
    <CustomBuild Include="EastDraw.reg" />
  </ItemGroup>
</Project>